// !$*UTF8*$!
{
	archiveVersion = 1;
	classes = {
	};
	objectVersion = 50;
	objects = {

/* Begin PBXBuildFile section */
		A530634324B2B6CA0037FD6B /* Cardify.swift in Sources */ = {isa = PBXBuildFile; fileRef = A530634224B2B6CA0037FD6B /* Cardify.swift */; };
		A5DC724024B27D1500E86A39 /* AppDelegate.swift in Sources */ = {isa = PBXBuildFile; fileRef = A5DC723F24B27D1500E86A39 /* AppDelegate.swift */; };
		A5DC724224B27D1500E86A39 /* SceneDelegate.swift in Sources */ = {isa = PBXBuildFile; fileRef = A5DC724124B27D1500E86A39 /* SceneDelegate.swift */; };
		A5DC724524B27D1500E86A39 /* TimeThreads.xcdatamodeld in Sources */ = {isa = PBXBuildFile; fileRef = A5DC724324B27D1500E86A39 /* TimeThreads.xcdatamodeld */; };
		A5DC724724B27D1500E86A39 /* ContentView.swift in Sources */ = {isa = PBXBuildFile; fileRef = A5DC724624B27D1500E86A39 /* ContentView.swift */; };
		A5DC724924B27D1A00E86A39 /* Assets.xcassets in Resources */ = {isa = PBXBuildFile; fileRef = A5DC724824B27D1A00E86A39 /* Assets.xcassets */; };
		A5DC724C24B27D1A00E86A39 /* Preview Assets.xcassets in Resources */ = {isa = PBXBuildFile; fileRef = A5DC724B24B27D1A00E86A39 /* Preview Assets.xcassets */; };
		A5DC724F24B27D1A00E86A39 /* LaunchScreen.storyboard in Resources */ = {isa = PBXBuildFile; fileRef = A5DC724D24B27D1A00E86A39 /* LaunchScreen.storyboard */; };
		A5DC725724B27E2700E86A39 /* TasksManagerView.swift in Sources */ = {isa = PBXBuildFile; fileRef = A5DC725624B27E2700E86A39 /* TasksManagerView.swift */; };
		A5DC725924B27F0300E86A39 /* TaskManagerController.swift in Sources */ = {isa = PBXBuildFile; fileRef = A5DC725824B27F0300E86A39 /* TaskManagerController.swift */; };
		A5DC725B24B27F4400E86A39 /* TaskTree.swift in Sources */ = {isa = PBXBuildFile; fileRef = A5DC725A24B27F4400E86A39 /* TaskTree.swift */; };
/* End PBXBuildFile section */

/* Begin PBXFileReference section */
		A530634224B2B6CA0037FD6B /* Cardify.swift */ = {isa = PBXFileReference; lastKnownFileType = sourcecode.swift; path = Cardify.swift; sourceTree = "<group>"; };
		A5DC723C24B27D1500E86A39 /* TimeThreads.app */ = {isa = PBXFileReference; explicitFileType = wrapper.application; includeInIndex = 0; path = TimeThreads.app; sourceTree = BUILT_PRODUCTS_DIR; };
		A5DC723F24B27D1500E86A39 /* AppDelegate.swift */ = {isa = PBXFileReference; lastKnownFileType = sourcecode.swift; path = AppDelegate.swift; sourceTree = "<group>"; };
		A5DC724124B27D1500E86A39 /* SceneDelegate.swift */ = {isa = PBXFileReference; lastKnownFileType = sourcecode.swift; path = SceneDelegate.swift; sourceTree = "<group>"; };
		A5DC724424B27D1500E86A39 /* TimeThreads.xcdatamodel */ = {isa = PBXFileReference; lastKnownFileType = wrapper.xcdatamodel; path = TimeThreads.xcdatamodel; sourceTree = "<group>"; };
		A5DC724624B27D1500E86A39 /* ContentView.swift */ = {isa = PBXFileReference; lastKnownFileType = sourcecode.swift; path = ContentView.swift; sourceTree = "<group>"; };
		A5DC724824B27D1A00E86A39 /* Assets.xcassets */ = {isa = PBXFileReference; lastKnownFileType = folder.assetcatalog; path = Assets.xcassets; sourceTree = "<group>"; };
		A5DC724B24B27D1A00E86A39 /* Preview Assets.xcassets */ = {isa = PBXFileReference; lastKnownFileType = folder.assetcatalog; path = "Preview Assets.xcassets"; sourceTree = "<group>"; };
		A5DC724E24B27D1A00E86A39 /* Base */ = {isa = PBXFileReference; lastKnownFileType = file.storyboard; name = Base; path = Base.lproj/LaunchScreen.storyboard; sourceTree = "<group>"; };
		A5DC725024B27D1A00E86A39 /* Info.plist */ = {isa = PBXFileReference; lastKnownFileType = text.plist.xml; path = Info.plist; sourceTree = "<group>"; };
		A5DC725624B27E2700E86A39 /* TasksManagerView.swift */ = {isa = PBXFileReference; lastKnownFileType = sourcecode.swift; path = TasksManagerView.swift; sourceTree = "<group>"; };
		A5DC725824B27F0300E86A39 /* TaskManagerController.swift */ = {isa = PBXFileReference; lastKnownFileType = sourcecode.swift; path = TaskManagerController.swift; sourceTree = "<group>"; };
		A5DC725A24B27F4400E86A39 /* TaskTree.swift */ = {isa = PBXFileReference; lastKnownFileType = sourcecode.swift; path = TaskTree.swift; sourceTree = "<group>"; };
/* End PBXFileReference section */

/* Begin PBXFrameworksBuildPhase section */
		A5DC723924B27D1500E86A39 /* Frameworks */ = {
			isa = PBXFrameworksBuildPhase;
			buildActionMask = 2147483647;
			files = (
			);
			runOnlyForDeploymentPostprocessing = 0;
		};
/* End PBXFrameworksBuildPhase section */

/* Begin PBXGroup section */
		A5DC723324B27D1500E86A39 = {
			isa = PBXGroup;
			children = (
				A5DC723E24B27D1500E86A39 /* TimeThreads */,
				A5DC723D24B27D1500E86A39 /* Products */,
			);
			sourceTree = "<group>";
		};
		A5DC723D24B27D1500E86A39 /* Products */ = {
			isa = PBXGroup;
			children = (
				A5DC723C24B27D1500E86A39 /* TimeThreads.app */,
			);
			name = Products;
			sourceTree = "<group>";
		};
		A5DC723E24B27D1500E86A39 /* TimeThreads */ = {
			isa = PBXGroup;
			children = (
				A5DC724624B27D1500E86A39 /* ContentView.swift */,
				A5DC725624B27E2700E86A39 /* TasksManagerView.swift */,
				A5DC725824B27F0300E86A39 /* TaskManagerController.swift */,
				A5DC725A24B27F4400E86A39 /* TaskTree.swift */,
				A530634224B2B6CA0037FD6B /* Cardify.swift */,
				A5DC724824B27D1A00E86A39 /* Assets.xcassets */,
				A5DC723F24B27D1500E86A39 /* AppDelegate.swift */,
				A5DC724124B27D1500E86A39 /* SceneDelegate.swift */,
				A5DC724D24B27D1A00E86A39 /* LaunchScreen.storyboard */,
				A5DC725024B27D1A00E86A39 /* Info.plist */,
				A5DC724324B27D1500E86A39 /* TimeThreads.xcdatamodeld */,
				A5DC724A24B27D1A00E86A39 /* Preview Content */,
			);
			path = TimeThreads;
			sourceTree = "<group>";
		};
		A5DC724A24B27D1A00E86A39 /* Preview Content */ = {
			isa = PBXGroup;
			children = (
				A5DC724B24B27D1A00E86A39 /* Preview Assets.xcassets */,
			);
			path = "Preview Content";
			sourceTree = "<group>";
		};
/* End PBXGroup section */

/* Begin PBXNativeTarget section */
		A5DC723B24B27D1500E86A39 /* TimeThreads */ = {
			isa = PBXNativeTarget;
			buildConfigurationList = A5DC725324B27D1A00E86A39 /* Build configuration list for PBXNativeTarget "TimeThreads" */;
			buildPhases = (
				A5DC723824B27D1500E86A39 /* Sources */,
				A5DC723924B27D1500E86A39 /* Frameworks */,
				A5DC723A24B27D1500E86A39 /* Resources */,
			);
			buildRules = (
			);
			dependencies = (
			);
			name = TimeThreads;
			productName = TimeThreads;
			productReference = A5DC723C24B27D1500E86A39 /* TimeThreads.app */;
			productType = "com.apple.product-type.application";
		};
/* End PBXNativeTarget section */

/* Begin PBXProject section */
		A5DC723424B27D1500E86A39 /* Project object */ = {
			isa = PBXProject;
			attributes = {
				LastSwiftUpdateCheck = 1150;
				LastUpgradeCheck = 1150;
				ORGANIZATIONNAME = "杨鑫";
				TargetAttributes = {
					A5DC723B24B27D1500E86A39 = {
						CreatedOnToolsVersion = 11.5;
					};
				};
			};
			buildConfigurationList = A5DC723724B27D1500E86A39 /* Build configuration list for PBXProject "TimeThreads" */;
			compatibilityVersion = "Xcode 9.3";
			developmentRegion = en;
			hasScannedForEncodings = 0;
			knownRegions = (
				en,
				Base,
			);
			mainGroup = A5DC723324B27D1500E86A39;
			productRefGroup = A5DC723D24B27D1500E86A39 /* Products */;
			projectDirPath = "";
			projectRoot = "";
			targets = (
				A5DC723B24B27D1500E86A39 /* TimeThreads */,
			);
		};
/* End PBXProject section */

/* Begin PBXResourcesBuildPhase section */
		A5DC723A24B27D1500E86A39 /* Resources */ = {
			isa = PBXResourcesBuildPhase;
			buildActionMask = 2147483647;
			files = (
				A5DC724F24B27D1A00E86A39 /* LaunchScreen.storyboard in Resources */,
				A5DC724C24B27D1A00E86A39 /* Preview Assets.xcassets in Resources */,
				A5DC724924B27D1A00E86A39 /* Assets.xcassets in Resources */,
			);
			runOnlyForDeploymentPostprocessing = 0;
		};
/* End PBXResourcesBuildPhase section */

/* Begin PBXSourcesBuildPhase section */
		A5DC723824B27D1500E86A39 /* Sources */ = {
			isa = PBXSourcesBuildPhase;
			buildActionMask = 2147483647;
			files = (
				A5DC725924B27F0300E86A39 /* TaskManagerController.swift in Sources */,
				A5DC724024B27D1500E86A39 /* AppDelegate.swift in Sources */,
				A530634324B2B6CA0037FD6B /* Cardify.swift in Sources */,
				A5DC725B24B27F4400E86A39 /* TaskTree.swift in Sources */,
				A5DC724524B27D1500E86A39 /* TimeThreads.xcdatamodeld in Sources */,
				A5DC724724B27D1500E86A39 /* ContentView.swift in Sources */,
				A5DC724224B27D1500E86A39 /* SceneDelegate.swift in Sources */,
				A5DC725724B27E2700E86A39 /* TasksManagerView.swift in Sources */,
			);
			runOnlyForDeploymentPostprocessing = 0;
		};
/* End PBXSourcesBuildPhase section */

/* Begin PBXVariantGroup section */
		A5DC724D24B27D1A00E86A39 /* LaunchScreen.storyboard */ = {
			isa = PBXVariantGroup;
			children = (
				A5DC724E24B27D1A00E86A39 /* Base */,
			);
			name = LaunchScreen.storyboard;
			sourceTree = "<group>";
		};
/* End PBXVariantGroup section */

/* Begin XCBuildConfiguration section */
		A5DC725124B27D1A00E86A39 /* Debug */ = {
			isa = XCBuildConfiguration;
			buildSettings = {
				ALWAYS_SEARCH_USER_PATHS = NO;
				CLANG_ANALYZER_NONNULL = YES;
				CLANG_ANALYZER_NUMBER_OBJECT_CONVERSION = YES_AGGRESSIVE;
				CLANG_CXX_LANGUAGE_STANDARD = "gnu++14";
				CLANG_CXX_LIBRARY = "libc++";
				CLANG_ENABLE_MODULES = YES;
				CLANG_ENABLE_OBJC_ARC = YES;
				CLANG_ENABLE_OBJC_WEAK = YES;
				CLANG_WARN_BLOCK_CAPTURE_AUTORELEASING = YES;
				CLANG_WARN_BOOL_CONVERSION = YES;
				CLANG_WARN_COMMA = YES;
				CLANG_WARN_CONSTANT_CONVERSION = YES;
				CLANG_WARN_DEPRECATED_OBJC_IMPLEMENTATIONS = YES;
				CLANG_WARN_DIRECT_OBJC_ISA_USAGE = YES_ERROR;
				CLANG_WARN_DOCUMENTATION_COMMENTS = YES;
				CLANG_WARN_EMPTY_BODY = YES;
				CLANG_WARN_ENUM_CONVERSION = YES;
				CLANG_WARN_INFINITE_RECURSION = YES;
				CLANG_WARN_INT_CONVERSION = YES;
				CLANG_WARN_NON_LITERAL_NULL_CONVERSION = YES;
				CLANG_WARN_OBJC_IMPLICIT_RETAIN_SELF = YES;
				CLANG_WARN_OBJC_LITERAL_CONVERSION = YES;
				CLANG_WARN_OBJC_ROOT_CLASS = YES_ERROR;
				CLANG_WARN_RANGE_LOOP_ANALYSIS = YES;
				CLANG_WARN_STRICT_PROTOTYPES = YES;
				CLANG_WARN_SUSPICIOUS_MOVE = YES;
				CLANG_WARN_UNGUARDED_AVAILABILITY = YES_AGGRESSIVE;
				CLANG_WARN_UNREACHABLE_CODE = YES;
				CLANG_WARN__DUPLICATE_METHOD_MATCH = YES;
				COPY_PHASE_STRIP = NO;
				DEBUG_INFORMATION_FORMAT = dwarf;
				ENABLE_STRICT_OBJC_MSGSEND = YES;
				ENABLE_TESTABILITY = YES;
				GCC_C_LANGUAGE_STANDARD = gnu11;
				GCC_DYNAMIC_NO_PIC = NO;
				GCC_NO_COMMON_BLOCKS = YES;
				GCC_OPTIMIZATION_LEVEL = 0;
				GCC_PREPROCESSOR_DEFINITIONS = (
					"DEBUG=1",
					"$(inherited)",
				);
				GCC_WARN_64_TO_32_BIT_CONVERSION = YES;
				GCC_WARN_ABOUT_RETURN_TYPE = YES_ERROR;
				GCC_WARN_UNDECLARED_SELECTOR = YES;
				GCC_WARN_UNINITIALIZED_AUTOS = YES_AGGRESSIVE;
				GCC_WARN_UNUSED_FUNCTION = YES;
				GCC_WARN_UNUSED_VARIABLE = YES;
				IPHONEOS_DEPLOYMENT_TARGET = 13.5;
				MTL_ENABLE_DEBUG_INFO = INCLUDE_SOURCE;
				MTL_FAST_MATH = YES;
				ONLY_ACTIVE_ARCH = YES;
				SDKROOT = iphoneos;
				SWIFT_ACTIVE_COMPILATION_CONDITIONS = DEBUG;
				SWIFT_OPTIMIZATION_LEVEL = "-Onone";
			};
			name = Debug;
		};
		A5DC725224B27D1A00E86A39 /* Release */ = {
			isa = XCBuildConfiguration;
			buildSettings = {
				ALWAYS_SEARCH_USER_PATHS = NO;
				CLANG_ANALYZER_NONNULL = YES;
				CLANG_ANALYZER_NUMBER_OBJECT_CONVERSION = YES_AGGRESSIVE;
				CLANG_CXX_LANGUAGE_STANDARD = "gnu++14";
				CLANG_CXX_LIBRARY = "libc++";
				CLANG_ENABLE_MODULES = YES;
				CLANG_ENABLE_OBJC_ARC = YES;
				CLANG_ENABLE_OBJC_WEAK = YES;
				CLANG_WARN_BLOCK_CAPTURE_AUTORELEASING = YES;
				CLANG_WARN_BOOL_CONVERSION = YES;
				CLANG_WARN_COMMA = YES;
				CLANG_WARN_CONSTANT_CONVERSION = YES;
				CLANG_WARN_DEPRECATED_OBJC_IMPLEMENTATIONS = YES;
				CLANG_WARN_DIRECT_OBJC_ISA_USAGE = YES_ERROR;
				CLANG_WARN_DOCUMENTATION_COMMENTS = YES;
				CLANG_WARN_EMPTY_BODY = YES;
				CLANG_WARN_ENUM_CONVERSION = YES;
				CLANG_WARN_INFINITE_RECURSION = YES;
				CLANG_WARN_INT_CONVERSION = YES;
				CLANG_WARN_NON_LITERAL_NULL_CONVERSION = YES;
				CLANG_WARN_OBJC_IMPLICIT_RETAIN_SELF = YES;
				CLANG_WARN_OBJC_LITERAL_CONVERSION = YES;
				CLANG_WARN_OBJC_ROOT_CLASS = YES_ERROR;
				CLANG_WARN_RANGE_LOOP_ANALYSIS = YES;
				CLANG_WARN_STRICT_PROTOTYPES = YES;
				CLANG_WARN_SUSPICIOUS_MOVE = YES;
				CLANG_WARN_UNGUARDED_AVAILABILITY = YES_AGGRESSIVE;
				CLANG_WARN_UNREACHABLE_CODE = YES;
				CLANG_WARN__DUPLICATE_METHOD_MATCH = YES;
				COPY_PHASE_STRIP = NO;
				DEBUG_INFORMATION_FORMAT = "dwarf-with-dsym";
				ENABLE_NS_ASSERTIONS = NO;
				ENABLE_STRICT_OBJC_MSGSEND = YES;
				GCC_C_LANGUAGE_STANDARD = gnu11;
				GCC_NO_COMMON_BLOCKS = YES;
				GCC_WARN_64_TO_32_BIT_CONVERSION = YES;
				GCC_WARN_ABOUT_RETURN_TYPE = YES_ERROR;
				GCC_WARN_UNDECLARED_SELECTOR = YES;
				GCC_WARN_UNINITIALIZED_AUTOS = YES_AGGRESSIVE;
				GCC_WARN_UNUSED_FUNCTION = YES;
				GCC_WARN_UNUSED_VARIABLE = YES;
				IPHONEOS_DEPLOYMENT_TARGET = 13.5;
				MTL_ENABLE_DEBUG_INFO = NO;
				MTL_FAST_MATH = YES;
				SDKROOT = iphoneos;
				SWIFT_COMPILATION_MODE = wholemodule;
				SWIFT_OPTIMIZATION_LEVEL = "-O";
				VALIDATE_PRODUCT = YES;
			};
			name = Release;
		};
		A5DC725424B27D1A00E86A39 /* Debug */ = {
			isa = XCBuildConfiguration;
			buildSettings = {
				ASSETCATALOG_COMPILER_APPICON_NAME = AppIcon;
				CODE_SIGN_STYLE = Automatic;
				DEVELOPMENT_ASSET_PATHS = "\"TimeThreads/Preview Content\"";
				DEVELOPMENT_TEAM = 9D48P5VY4Z;
				ENABLE_PREVIEWS = YES;
				INFOPLIST_FILE = TimeThreads/Info.plist;
				LD_RUNPATH_SEARCH_PATHS = (
					"$(inherited)",
					"@executable_path/Frameworks",
				);
				PRODUCT_BUNDLE_IDENTIFIER = XinYang.TimeThreads;
				PRODUCT_NAME = "$(TARGET_NAME)";
				SWIFT_VERSION = 5.0;
				TARGETED_DEVICE_FAMILY = "1,2";
			};
			name = Debug;
		};
		A5DC725524B27D1A00E86A39 /* Release */ = {
			isa = XCBuildConfiguration;
			buildSettings = {
				ASSETCATALOG_COMPILER_APPICON_NAME = AppIcon;
				CODE_SIGN_STYLE = Automatic;
				DEVELOPMENT_ASSET_PATHS = "\"TimeThreads/Preview Content\"";
				DEVELOPMENT_TEAM = 9D48P5VY4Z;
				ENABLE_PREVIEWS = YES;
				INFOPLIST_FILE = TimeThreads/Info.plist;
				LD_RUNPATH_SEARCH_PATHS = (
					"$(inherited)",
					"@executable_path/Frameworks",
				);
				PRODUCT_BUNDLE_IDENTIFIER = XinYang.TimeThreads;
				PRODUCT_NAME = "$(TARGET_NAME)";
				SWIFT_VERSION = 5.0;
				TARGETED_DEVICE_FAMILY = "1,2";
			};
			name = Release;
		};
/* End XCBuildConfiguration section */

/* Begin XCConfigurationList section */
		A5DC723724B27D1500E86A39 /* Build configuration list for PBXProject "TimeThreads" */ = {
			isa = XCConfigurationList;
			buildConfigurations = (
				A5DC725124B27D1A00E86A39 /* Debug */,
				A5DC725224B27D1A00E86A39 /* Release */,
			);
			defaultConfigurationIsVisible = 0;
			defaultConfigurationName = Release;
		};
		A5DC725324B27D1A00E86A39 /* Build configuration list for PBXNativeTarget "TimeThreads" */ = {
			isa = XCConfigurationList;
			buildConfigurations = (
				A5DC725424B27D1A00E86A39 /* Debug */,
				A5DC725524B27D1A00E86A39 /* Release */,
			);
			defaultConfigurationIsVisible = 0;
			defaultConfigurationName = Release;
		};
/* End XCConfigurationList section */

/* Begin XCVersionGroup section */
		A5DC724324B27D1500E86A39 /* TimeThreads.xcdatamodeld */ = {
			isa = XCVersionGroup;
			children = (
				A5DC724424B27D1500E86A39 /* TimeThreads.xcdatamodel */,
			);
			currentVersion = A5DC724424B27D1500E86A39 /* TimeThreads.xcdatamodel */;
			path = TimeThreads.xcdatamodeld;
			sourceTree = "<group>";
			versionGroupType = wrapper.xcdatamodel;
		};
/* End XCVersionGroup section */
	};
	rootObject = A5DC723424B27D1500E86A39 /* Project object */;
}
